
Microsoft Visual Studio Solution File, Format Version 11.00
# Visual Studio 2010
Project("{F184B08F-C81C-45F6-A57F-5ABD9991F28F}") = "MSSQL_SQLcmd", "MSSQL_SQLcmd\MSSQL_SQLcmd.vbproj", "{E72C195C-B089-4D0C-99DE-7FD201C31B62}"
EndProject
Global
	GlobalSection(SolutionConfigurationPlatforms) = preSolution
		Debug|x86 = Debug|x86
		Release|x86 = Release|x86
	EndGlobalSection
	GlobalSection(ProjectConfigurationPlatforms) = postSolution
		{E72C195C-B089-4D0C-99DE-7FD201C31B62}.Debug|x86.ActiveCfg = Debug|x86
		{E72C195C-B089-4D0C-99DE-7FD201C31B62}.Debug|x86.Build.0 = Debug|x86
		{E72C195C-B089-4D0C-99DE-7FD201C31B62}.Release|x86.ActiveCfg = Release|x86
		{E72C195C-B089-4D0C-99DE-7FD201C31B62}.Release|x86.Build.0 = Release|x86
	EndGlobalSection
	GlobalSection(SolutionProperties) = preSolution
		HideSolutionNode = FALSE
	EndGlobalSection
EndGlobal
